
Microsoft Visual Studio Solution File, Format Version 12.00
# Visual Studio Version 17
VisualStudioVersion = 17.6.33815.320
MinimumVisualStudioVersion = 10.0.40219.1
Project("{FAE04EC0-301F-11D3-BF4B-00C04F79EFBC}") = "finbourneCache", "finbourneCache.csproj", "{1D557813-4A5D-4503-8ED1-7FD10C919C60}"
EndProject
Project("{9A19103F-16F7-4668-BE54-9A1E7A4F7556}") = "cacheLibrary", "..\cacheLibrary\cacheLibrary.csproj", "{0A196843-0A6F-4060-B4FD-570740893EE1}"
EndProject
Global
	GlobalSection(SolutionConfigurationPlatforms) = preSolution
		Debug|Any CPU = Debug|Any CPU
		Release|Any CPU = Release|Any CPU
	EndGlobalSection
	GlobalSection(ProjectConfigurationPlatforms) = postSolution
		{1D557813-4A5D-4503-8ED1-7FD10C919C60}.Debug|Any CPU.ActiveCfg = Debug|Any CPU
		{1D557813-4A5D-4503-8ED1-7FD10C919C60}.Debug|Any CPU.Build.0 = Debug|Any CPU
		{1D557813-4A5D-4503-8ED1-7FD10C919C60}.Release|Any CPU.ActiveCfg = Release|Any CPU
		{1D557813-4A5D-4503-8ED1-7FD10C919C60}.Release|Any CPU.Build.0 = Release|Any CPU
		{0A196843-0A6F-4060-B4FD-570740893EE1}.Debug|Any CPU.ActiveCfg = Debug|Any CPU
		{0A196843-0A6F-4060-B4FD-570740893EE1}.Debug|Any CPU.Build.0 = Debug|Any CPU
		{0A196843-0A6F-4060-B4FD-570740893EE1}.Release|Any CPU.ActiveCfg = Release|Any CPU
		{0A196843-0A6F-4060-B4FD-570740893EE1}.Release|Any CPU.Build.0 = Release|Any CPU
	EndGlobalSection
	GlobalSection(SolutionProperties) = preSolution
		HideSolutionNode = FALSE
	EndGlobalSection
	GlobalSection(ExtensibilityGlobals) = postSolution
		SolutionGuid = {3FA9F795-29B4-4AC2-94CF-D88484E4AA16}
	EndGlobalSection
EndGlobal
